
Microsoft Visual Studio Solution File, Format Version 12.00
# Visual Studio 15
VisualStudioVersion = 15.0.27703.2026
MinimumVisualStudioVersion = 10.0.40219.1
Project("{9A19103F-16F7-4668-BE54-9A1E7A4F7556}") = "config", "config\config.csproj", "{3E7986F2-DD28-452F-B5D2-46305BFAF111}"
EndProject
Project("{9A19103F-16F7-4668-BE54-9A1E7A4F7556}") = "ad", "ad\ad.csproj", "{C18A98C3-B1ED-4C06-BDF4-B062597A2EAC}"
EndProject
Project("{9A19103F-16F7-4668-BE54-9A1E7A4F7556}") = "common", "common\common.csproj", "{161507F4-82A5-464C-8FE5-62A22FBF3A1B}"
EndProject
Project("{9A19103F-16F7-4668-BE54-9A1E7A4F7556}") = "extensions", "extensions\extensions.csproj", "{D91DE675-7638-4F77-BD2F-AA9EE134382D}"
EndProject
Project("{9A19103F-16F7-4668-BE54-9A1E7A4F7556}") = "ad.services", "ad.services\ad.services.csproj", "{61020E2B-1284-499E-BE79-29E3449F399A}"
EndProject
Project("{9A19103F-16F7-4668-BE54-9A1E7A4F7556}") = "ad.services.db", "ad.services.db\ad.services.db.csproj", "{96505B96-7B74-4509-98AD-D05903ADD41D}"
EndProject
Project("{9A19103F-16F7-4668-BE54-9A1E7A4F7556}") = "utility", "utility\utility.csproj", "{19651391-6015-4F4F-9DC0-CCBF01551E05}"
EndProject
Project("{9A19103F-16F7-4668-BE54-9A1E7A4F7556}") = "Microsoft.EntityFrameworkCore.UnitOfWork", "Microsoft.EntityFrameworkCore.UnitOfWork\Microsoft.EntityFrameworkCore.UnitOfWork.csproj", "{C8660D46-E5B7-4EF5-9315-0620CA24171F}"
EndProject
Project("{9A19103F-16F7-4668-BE54-9A1E7A4F7556}") = "SP.DL", "SP.DL\SP.DL.csproj", "{D22BB18A-2BB8-4EBF-8D8A-53E4E017D30F}"
EndProject
Project("{9A19103F-16F7-4668-BE54-9A1E7A4F7556}") = "SP.StaticData", "SP.StaticData\SP.StaticData.csproj", "{598FBBE7-FF5F-492D-A147-ED0EC8D0A967}"
EndProject
Project("{9A19103F-16F7-4668-BE54-9A1E7A4F7556}") = "SP.Territories", "SP.Territories\SP.Territories.csproj", "{B958E4FC-F875-4DC8-9CD7-AF7B21CEDBA4}"
EndProject
Project("{9A19103F-16F7-4668-BE54-9A1E7A4F7556}") = "SP.DAL", "SP.DAL\SP.DAL.csproj", "{8BFB6710-9374-4249-B187-93C247D0ACD6}"
EndProject
Project("{FAE04EC0-301F-11D3-BF4B-00C04F79EFBC}") = "ad.store", "ad.store\ad.store.csproj", "{70DF568A-BB60-4164-A5EB-83915F12E695}"
EndProject
Global
	GlobalSection(SolutionConfigurationPlatforms) = preSolution
		Debug|Any CPU = Debug|Any CPU
		Release|Any CPU = Release|Any CPU
	EndGlobalSection
	GlobalSection(ProjectConfigurationPlatforms) = postSolution
		{3E7986F2-DD28-452F-B5D2-46305BFAF111}.Debug|Any CPU.ActiveCfg = Debug|Any CPU
		{3E7986F2-DD28-452F-B5D2-46305BFAF111}.Debug|Any CPU.Build.0 = Debug|Any CPU
		{3E7986F2-DD28-452F-B5D2-46305BFAF111}.Release|Any CPU.ActiveCfg = Release|Any CPU
		{3E7986F2-DD28-452F-B5D2-46305BFAF111}.Release|Any CPU.Build.0 = Release|Any CPU
		{C18A98C3-B1ED-4C06-BDF4-B062597A2EAC}.Debug|Any CPU.ActiveCfg = Debug|Any CPU
		{C18A98C3-B1ED-4C06-BDF4-B062597A2EAC}.Debug|Any CPU.Build.0 = Debug|Any CPU
		{C18A98C3-B1ED-4C06-BDF4-B062597A2EAC}.Release|Any CPU.ActiveCfg = Release|Any CPU
		{C18A98C3-B1ED-4C06-BDF4-B062597A2EAC}.Release|Any CPU.Build.0 = Release|Any CPU
		{161507F4-82A5-464C-8FE5-62A22FBF3A1B}.Debug|Any CPU.ActiveCfg = Debug|Any CPU
		{161507F4-82A5-464C-8FE5-62A22FBF3A1B}.Debug|Any CPU.Build.0 = Debug|Any CPU
		{161507F4-82A5-464C-8FE5-62A22FBF3A1B}.Release|Any CPU.ActiveCfg = Release|Any CPU
		{161507F4-82A5-464C-8FE5-62A22FBF3A1B}.Release|Any CPU.Build.0 = Release|Any CPU
		{D91DE675-7638-4F77-BD2F-AA9EE134382D}.Debug|Any CPU.ActiveCfg = Debug|Any CPU
		{D91DE675-7638-4F77-BD2F-AA9EE134382D}.Debug|Any CPU.Build.0 = Debug|Any CPU
		{D91DE675-7638-4F77-BD2F-AA9EE134382D}.Release|Any CPU.ActiveCfg = Release|Any CPU
		{D91DE675-7638-4F77-BD2F-AA9EE134382D}.Release|Any CPU.Build.0 = Release|Any CPU
		{61020E2B-1284-499E-BE79-29E3449F399A}.Debug|Any CPU.ActiveCfg = Debug|Any CPU
		{61020E2B-1284-499E-BE79-29E3449F399A}.Debug|Any CPU.Build.0 = Debug|Any CPU
		{61020E2B-1284-499E-BE79-29E3449F399A}.Release|Any CPU.ActiveCfg = Release|Any CPU
		{61020E2B-1284-499E-BE79-29E3449F399A}.Release|Any CPU.Build.0 = Release|Any CPU
		{96505B96-7B74-4509-98AD-D05903ADD41D}.Debug|Any CPU.ActiveCfg = Debug|Any CPU
		{96505B96-7B74-4509-98AD-D05903ADD41D}.Debug|Any CPU.Build.0 = Debug|Any CPU
		{96505B96-7B74-4509-98AD-D05903ADD41D}.Release|Any CPU.ActiveCfg = Release|Any CPU
		{96505B96-7B74-4509-98AD-D05903ADD41D}.Release|Any CPU.Build.0 = Release|Any CPU
		{19651391-6015-4F4F-9DC0-CCBF01551E05}.Debug|Any CPU.ActiveCfg = Debug|Any CPU
		{19651391-6015-4F4F-9DC0-CCBF01551E05}.Debug|Any CPU.Build.0 = Debug|Any CPU
		{19651391-6015-4F4F-9DC0-CCBF01551E05}.Release|Any CPU.ActiveCfg = Release|Any CPU
		{19651391-6015-4F4F-9DC0-CCBF01551E05}.Release|Any CPU.Build.0 = Release|Any CPU
		{C8660D46-E5B7-4EF5-9315-0620CA24171F}.Debug|Any CPU.ActiveCfg = Debug|Any CPU
		{C8660D46-E5B7-4EF5-9315-0620CA24171F}.Debug|Any CPU.Build.0 = Debug|Any CPU
		{C8660D46-E5B7-4EF5-9315-0620CA24171F}.Release|Any CPU.ActiveCfg = Release|Any CPU
		{C8660D46-E5B7-4EF5-9315-0620CA24171F}.Release|Any CPU.Build.0 = Release|Any CPU
		{D22BB18A-2BB8-4EBF-8D8A-53E4E017D30F}.Debug|Any CPU.ActiveCfg = Debug|Any CPU
		{D22BB18A-2BB8-4EBF-8D8A-53E4E017D30F}.Debug|Any CPU.Build.0 = Debug|Any CPU
		{D22BB18A-2BB8-4EBF-8D8A-53E4E017D30F}.Release|Any CPU.ActiveCfg = Release|Any CPU
		{D22BB18A-2BB8-4EBF-8D8A-53E4E017D30F}.Release|Any CPU.Build.0 = Release|Any CPU
		{598FBBE7-FF5F-492D-A147-ED0EC8D0A967}.Debug|Any CPU.ActiveCfg = Debug|Any CPU
		{598FBBE7-FF5F-492D-A147-ED0EC8D0A967}.Debug|Any CPU.Build.0 = Debug|Any CPU
		{598FBBE7-FF5F-492D-A147-ED0EC8D0A967}.Release|Any CPU.ActiveCfg = Release|Any CPU
		{598FBBE7-FF5F-492D-A147-ED0EC8D0A967}.Release|Any CPU.Build.0 = Release|Any CPU
		{B958E4FC-F875-4DC8-9CD7-AF7B21CEDBA4}.Debug|Any CPU.ActiveCfg = Debug|Any CPU
		{B958E4FC-F875-4DC8-9CD7-AF7B21CEDBA4}.Debug|Any CPU.Build.0 = Debug|Any CPU
		{B958E4FC-F875-4DC8-9CD7-AF7B21CEDBA4}.Release|Any CPU.ActiveCfg = Release|Any CPU
		{B958E4FC-F875-4DC8-9CD7-AF7B21CEDBA4}.Release|Any CPU.Build.0 = Release|Any CPU
		{8BFB6710-9374-4249-B187-93C247D0ACD6}.Debug|Any CPU.ActiveCfg = Debug|Any CPU
		{8BFB6710-9374-4249-B187-93C247D0ACD6}.Debug|Any CPU.Build.0 = Debug|Any CPU
		{8BFB6710-9374-4249-B187-93C247D0ACD6}.Release|Any CPU.ActiveCfg = Release|Any CPU
		{8BFB6710-9374-4249-B187-93C247D0ACD6}.Release|Any CPU.Build.0 = Release|Any CPU
		{70DF568A-BB60-4164-A5EB-83915F12E695}.Debug|Any CPU.ActiveCfg = Debug|Any CPU
		{70DF568A-BB60-4164-A5EB-83915F12E695}.Debug|Any CPU.Build.0 = Debug|Any CPU
		{70DF568A-BB60-4164-A5EB-83915F12E695}.Release|Any CPU.ActiveCfg = Release|Any CPU
		{70DF568A-BB60-4164-A5EB-83915F12E695}.Release|Any CPU.Build.0 = Release|Any CPU
	EndGlobalSection
	GlobalSection(SolutionProperties) = preSolution
		HideSolutionNode = FALSE
	EndGlobalSection
	GlobalSection(ExtensibilityGlobals) = postSolution
		SolutionGuid = {B554BC76-2FB3-483F-B48F-480DB7462765}
	EndGlobalSection
EndGlobal
